
Microsoft Visual Studio Solution File, Format Version 12.00
# Visual Studio Version 17
VisualStudioVersion = 17.12.35527.113 d17.12
MinimumVisualStudioVersion = 10.0.40219.1
Project("{FAE04EC0-301F-11D3-BF4B-00C04F79EFBC}") = "Ugralogomb", "Ugralogomb.csproj", "{EDF9E3DD-9204-42E0-B46D-8800AAD80BDE}"
EndProject
Global
	GlobalSection(SolutionConfigurationPlatforms) = preSolution
		Debug|Any CPU = Debug|Any CPU
		Release|Any CPU = Release|Any CPU
	EndGlobalSection
	GlobalSection(ProjectConfigurationPlatforms) = postSolution
		{EDF9E3DD-9204-42E0-B46D-8800AAD80BDE}.Debug|Any CPU.ActiveCfg = Debug|Any CPU
		{EDF9E3DD-9204-42E0-B46D-8800AAD80BDE}.Debug|Any CPU.Build.0 = Debug|Any CPU
		{EDF9E3DD-9204-42E0-B46D-8800AAD80BDE}.Release|Any CPU.ActiveCfg = Release|Any CPU
		{EDF9E3DD-9204-42E0-B46D-8800AAD80BDE}.Release|Any CPU.Build.0 = Release|Any CPU
	EndGlobalSection
	GlobalSection(SolutionProperties) = preSolution
		HideSolutionNode = FALSE
	EndGlobalSection
EndGlobal
